// !$*UTF8*$!
{
	archiveVersion = 1;
	classes = {
	};
	objectVersion = 46;
	objects = {

/* Begin PBXBuildFile section */
		71A3C22C1A5AB2DD00788B33 /* AppDelegate.swift in Sources */ = {isa = PBXBuildFile; fileRef = 71A3C22B1A5AB2DD00788B33 /* AppDelegate.swift */; };
		71A3C22E1A5AB2DD00788B33 /* ViewController.swift in Sources */ = {isa = PBXBuildFile; fileRef = 71A3C22D1A5AB2DD00788B33 /* ViewController.swift */; };
		71A3C2311A5AB2DD00788B33 /* Main.storyboard in Resources */ = {isa = PBXBuildFile; fileRef = 71A3C22F1A5AB2DD00788B33 /* Main.storyboard */; };
		71A3C2331A5AB2DD00788B33 /* Images.xcassets in Resources */ = {isa = PBXBuildFile; fileRef = 71A3C2321A5AB2DD00788B33 /* Images.xcassets */; };
		71A3C2361A5AB2DD00788B33 /* LaunchScreen.xib in Resources */ = {isa = PBXBuildFile; fileRef = 71A3C2341A5AB2DD00788B33 /* LaunchScreen.xib */; };
		71A3C2421A5AB2DD00788B33 /* TestGitTests.swift in Sources */ = {isa = PBXBuildFile; fileRef = 71A3C2411A5AB2DD00788B33 /* TestGitTests.swift */; };
/* End PBXBuildFile section */

/* Begin PBXContainerItemProxy section */
		71A3C23C1A5AB2DD00788B33 /* PBXContainerItemProxy */ = {
			isa = PBXContainerItemProxy;
			containerPortal = 71A3C21E1A5AB2DD00788B33 /* Project object */;
			proxyType = 1;
			remoteGlobalIDString = 71A3C2251A5AB2DD00788B33;
			remoteInfo = TestGit;
		};
/* End PBXContainerItemProxy section */

/* Begin PBXFileReference section */
		71A3C2261A5AB2DD00788B33 /* TestGit.app */ = {isa = PBXFileReference; explicitFileType = wrapper.application; includeInIndex = 0; path = TestGit.app; sourceTree = BUILT_PRODUCTS_DIR; };
		71A3C22A1A5AB2DD00788B33 /* Info.plist */ = {isa = PBXFileReference; lastKnownFileType = text.plist.xml; path = Info.plist; sourceTree = "<group>"; };
		71A3C22B1A5AB2DD00788B33 /* AppDelegate.swift */ = {isa = PBXFileReference; lastKnownFileType = sourcecode.swift; path = AppDelegate.swift; sourceTree = "<group>"; };
		71A3C22D1A5AB2DD00788B33 /* ViewController.swift */ = {isa = PBXFileReference; lastKnownFileType = sourcecode.swift; path = ViewController.swift; sourceTree = "<group>"; };
		71A3C2301A5AB2DD00788B33 /* Base */ = {isa = PBXFileReference; lastKnownFileType = file.storyboard; name = Base; path = Base.lproj/Main.storyboard; sourceTree = "<group>"; };
		71A3C2321A5AB2DD00788B33 /* Images.xcassets */ = {isa = PBXFileReference; lastKnownFileType = folder.assetcatalog; path = Images.xcassets; sourceTree = "<group>"; };
		71A3C2351A5AB2DD00788B33 /* Base */ = {isa = PBXFileReference; lastKnownFileType = file.xib; name = Base; path = Base.lproj/LaunchScreen.xib; sourceTree = "<group>"; };
		71A3C23B1A5AB2DD00788B33 /* TestGitTests.xctest */ = {isa = PBXFileReference; explicitFileType = wrapper.cfbundle; includeInIndex = 0; path = TestGitTests.xctest; sourceTree = BUILT_PRODUCTS_DIR; };
		71A3C2401A5AB2DD00788B33 /* Info.plist */ = {isa = PBXFileReference; lastKnownFileType = text.plist.xml; path = Info.plist; sourceTree = "<group>"; };
		71A3C2411A5AB2DD00788B33 /* TestGitTests.swift */ = {isa = PBXFileReference; lastKnownFileType = sourcecode.swift; path = TestGitTests.swift; sourceTree = "<group>"; };
/* End PBXFileReference section */

/* Begin PBXFrameworksBuildPhase section */
		71A3C2231A5AB2DD00788B33 /* Frameworks */ = {
			isa = PBXFrameworksBuildPhase;
			buildActionMask = 2147483647;
			files = (
			);
			runOnlyForDeploymentPostprocessing = 0;
		};
		71A3C2381A5AB2DD00788B33 /* Frameworks */ = {
			isa = PBXFrameworksBuildPhase;
			buildActionMask = 2147483647;
			files = (
			);
			runOnlyForDeploymentPostprocessing = 0;
		};
/* End PBXFrameworksBuildPhase section */

/* Begin PBXGroup section */
		71A3C21D1A5AB2DD00788B33 = {
			isa = PBXGroup;
			children = (
				71A3C2281A5AB2DD00788B33 /* TestGit */,
				71A3C23E1A5AB2DD00788B33 /* TestGitTests */,
				71A3C2271A5AB2DD00788B33 /* Products */,
			);
			sourceTree = "<group>";
		};
		71A3C2271A5AB2DD00788B33 /* Products */ = {
			isa = PBXGroup;
			children = (
				71A3C2261A5AB2DD00788B33 /* TestGit.app */,
				71A3C23B1A5AB2DD00788B33 /* TestGitTests.xctest */,
			);
			name = Products;
			sourceTree = "<group>";
		};
		71A3C2281A5AB2DD00788B33 /* TestGit */ = {
			isa = PBXGroup;
			children = (
				71A3C22B1A5AB2DD00788B33 /* AppDelegate.swift */,
				71A3C22D1A5AB2DD00788B33 /* ViewController.swift */,
				71A3C22F1A5AB2DD00788B33 /* Main.storyboard */,
				71A3C2321A5AB2DD00788B33 /* Images.xcassets */,
				71A3C2341A5AB2DD00788B33 /* LaunchScreen.xib */,
				71A3C2291A5AB2DD00788B33 /* Supporting Files */,
			);
			path = TestGit;
			sourceTree = "<group>";
		};
		71A3C2291A5AB2DD00788B33 /* Supporting Files */ = {
			isa = PBXGroup;
			children = (
				71A3C22A1A5AB2DD00788B33 /* Info.plist */,
			);
			name = "Supporting Files";
			sourceTree = "<group>";
		};
		71A3C23E1A5AB2DD00788B33 /* TestGitTests */ = {
			isa = PBXGroup;
			children = (
				71A3C2411A5AB2DD00788B33 /* TestGitTests.swift */,
				71A3C23F1A5AB2DD00788B33 /* Supporting Files */,
			);
			path = TestGitTests;
			sourceTree = "<group>";
		};
		71A3C23F1A5AB2DD00788B33 /* Supporting Files */ = {
			isa = PBXGroup;
			children = (
				71A3C2401A5AB2DD00788B33 /* Info.plist */,
			);
			name = "Supporting Files";
			sourceTree = "<group>";
		};
/* End PBXGroup section */

/* Begin PBXNativeTarget section */
		71A3C2251A5AB2DD00788B33 /* TestGit */ = {
			isa = PBXNativeTarget;
			buildConfigurationList = 71A3C2451A5AB2DD00788B33 /* Build configuration list for PBXNativeTarget "TestGit" */;
			buildPhases = (
				71A3C2221A5AB2DD00788B33 /* Sources */,
				71A3C2231A5AB2DD00788B33 /* Frameworks */,
				71A3C2241A5AB2DD00788B33 /* Resources */,
			);
			buildRules = (
			);
			dependencies = (
			);
			name = TestGit;
			productName = TestGit;
			productReference = 71A3C2261A5AB2DD00788B33 /* TestGit.app */;
			productType = "com.apple.product-type.application";
		};
		71A3C23A1A5AB2DD00788B33 /* TestGitTests */ = {
			isa = PBXNativeTarget;
			buildConfigurationList = 71A3C2481A5AB2DD00788B33 /* Build configuration list for PBXNativeTarget "TestGitTests" */;
			buildPhases = (
				71A3C2371A5AB2DD00788B33 /* Sources */,
				71A3C2381A5AB2DD00788B33 /* Frameworks */,
				71A3C2391A5AB2DD00788B33 /* Resources */,
			);
			buildRules = (
			);
			dependencies = (
				71A3C23D1A5AB2DD00788B33 /* PBXTargetDependency */,
			);
			name = TestGitTests;
			productName = TestGitTests;
			productReference = 71A3C23B1A5AB2DD00788B33 /* TestGitTests.xctest */;
			productType = "com.apple.product-type.bundle.unit-test";
		};
/* End PBXNativeTarget section */

/* Begin PBXProject section */
		71A3C21E1A5AB2DD00788B33 /* Project object */ = {
			isa = PBXProject;
			attributes = {
				LastUpgradeCheck = 0610;
				ORGANIZATIONNAME = ritesh;
				TargetAttributes = {
					71A3C2251A5AB2DD00788B33 = {
						CreatedOnToolsVersion = 6.1;
					};
					71A3C23A1A5AB2DD00788B33 = {
						CreatedOnToolsVersion = 6.1;
						TestTargetID = 71A3C2251A5AB2DD00788B33;
					};
				};
			};
			buildConfigurationList = 71A3C2211A5AB2DD00788B33 /* Build configuration list for PBXProject "TestGit" */;
			compatibilityVersion = "Xcode 3.2";
			developmentRegion = English;
			hasScannedForEncodings = 0;
			knownRegions = (
				en,
				Base,
			);
			mainGroup = 71A3C21D1A5AB2DD00788B33;
			productRefGroup = 71A3C2271A5AB2DD00788B33 /* Products */;
			projectDirPath = "";
			projectRoot = "";
			targets = (
				71A3C2251A5AB2DD00788B33 /* TestGit */,
				71A3C23A1A5AB2DD00788B33 /* TestGitTests */,
			);
		};
/* End PBXProject section */

/* Begin PBXResourcesBuildPhase section */
		71A3C2241A5AB2DD00788B33 /* Resources */ = {
			isa = PBXResourcesBuildPhase;
			buildActionMask = 2147483647;
			files = (
				71A3C2311A5AB2DD00788B33 /* Main.storyboard in Resources */,
				71A3C2361A5AB2DD00788B33 /* LaunchScreen.xib in Resources */,
				71A3C2331A5AB2DD00788B33 /* Images.xcassets in Resources */,
			);
			runOnlyForDeploymentPostprocessing = 0;
		};
		71A3C2391A5AB2DD00788B33 /* Resources */ = {
			isa = PBXResourcesBuildPhase;
			buildActionMask = 2147483647;
			files = (
			);
			runOnlyForDeploymentPostprocessing = 0;
		};
/* End PBXResourcesBuildPhase section */

/* Begin PBXSourcesBuildPhase section */
		71A3C2221A5AB2DD00788B33 /* Sources */ = {
			isa = PBXSourcesBuildPhase;
			buildActionMask = 2147483647;
			files = (
				71A3C22E1A5AB2DD00788B33 /* ViewController.swift in Sources */,
				71A3C22C1A5AB2DD00788B33 /* AppDelegate.swift in Sources */,
			);
			runOnlyForDeploymentPostprocessing = 0;
		};
		71A3C2371A5AB2DD00788B33 /* Sources */ = {
			isa = PBXSourcesBuildPhase;
			buildActionMask = 2147483647;
			files = (
				71A3C2421A5AB2DD00788B33 /* TestGitTests.swift in Sources */,
			);
			runOnlyForDeploymentPostprocessing = 0;
		};
/* End PBXSourcesBuildPhase section */

/* Begin PBXTargetDependency section */
		71A3C23D1A5AB2DD00788B33 /* PBXTargetDependency */ = {
			isa = PBXTargetDependency;
			target = 71A3C2251A5AB2DD00788B33 /* TestGit */;
			targetProxy = 71A3C23C1A5AB2DD00788B33 /* PBXContainerItemProxy */;
		};
/* End PBXTargetDependency section */

/* Begin PBXVariantGroup section */
		71A3C22F1A5AB2DD00788B33 /* Main.storyboard */ = {
			isa = PBXVariantGroup;
			children = (
				71A3C2301A5AB2DD00788B33 /* Base */,
			);
			name = Main.storyboard;
			sourceTree = "<group>";
		};
		71A3C2341A5AB2DD00788B33 /* LaunchScreen.xib */ = {
			isa = PBXVariantGroup;
			children = (
				71A3C2351A5AB2DD00788B33 /* Base */,
			);
			name = LaunchScreen.xib;
			sourceTree = "<group>";
		};
/* End PBXVariantGroup section */

/* Begin XCBuildConfiguration section */
		71A3C2431A5AB2DD00788B33 /* Debug */ = {
			isa = XCBuildConfiguration;
			buildSettings = {
				ALWAYS_SEARCH_USER_PATHS = NO;
				CLANG_CXX_LANGUAGE_STANDARD = "gnu++0x";
				CLANG_CXX_LIBRARY = "libc++";
				CLANG_ENABLE_MODULES = YES;
				CLANG_ENABLE_OBJC_ARC = YES;
				CLANG_WARN_BOOL_CONVERSION = YES;
				CLANG_WARN_CONSTANT_CONVERSION = YES;
				CLANG_WARN_DIRECT_OBJC_ISA_USAGE = YES_ERROR;
				CLANG_WARN_EMPTY_BODY = YES;
				CLANG_WARN_ENUM_CONVERSION = YES;
				CLANG_WARN_INT_CONVERSION = YES;
				CLANG_WARN_OBJC_ROOT_CLASS = YES_ERROR;
				CLANG_WARN_UNREACHABLE_CODE = YES;
				CLANG_WARN__DUPLICATE_METHOD_MATCH = YES;
				"CODE_SIGN_IDENTITY[sdk=iphoneos*]" = "iPhone Developer";
				COPY_PHASE_STRIP = NO;
				ENABLE_STRICT_OBJC_MSGSEND = YES;
				GCC_C_LANGUAGE_STANDARD = gnu99;
				GCC_DYNAMIC_NO_PIC = NO;
				GCC_OPTIMIZATION_LEVEL = 0;
				GCC_PREPROCESSOR_DEFINITIONS = (
					"DEBUG=1",
					"$(inherited)",
				);
				GCC_SYMBOLS_PRIVATE_EXTERN = NO;
				GCC_WARN_64_TO_32_BIT_CONVERSION = YES;
				GCC_WARN_ABOUT_RETURN_TYPE = YES_ERROR;
				GCC_WARN_UNDECLARED_SELECTOR = YES;
				GCC_WARN_UNINITIALIZED_AUTOS = YES_AGGRESSIVE;
				GCC_WARN_UNUSED_FUNCTION = YES;
				GCC_WARN_UNUSED_VARIABLE = YES;
				IPHONEOS_DEPLOYMENT_TARGET = 8.1;
				MTL_ENABLE_DEBUG_INFO = YES;
				ONLY_ACTIVE_ARCH = YES;
				SDKROOT = iphoneos;
				SWIFT_OPTIMIZATION_LEVEL = "-Onone";
				TARGETED_DEVICE_FAMILY = "1,2";
			};
			name = Debug;
		};
		71A3C2441A5AB2DD00788B33 /* Release */ = {
			isa = XCBuildConfiguration;
			buildSettings = {
				ALWAYS_SEARCH_USER_PATHS = NO;
				CLANG_CXX_LANGUAGE_STANDARD = "gnu++0x";
				CLANG_CXX_LIBRARY = "libc++";
				CLANG_ENABLE_MODULES = YES;
				CLANG_ENABLE_OBJC_ARC = YES;
				CLANG_WARN_BOOL_CONVERSION = YES;
				CLANG_WARN_CONSTANT_CONVERSION = YES;
				CLANG_WARN_DIRECT_OBJC_ISA_USAGE = YES_ERROR;
				CLANG_WARN_EMPTY_BODY = YES;
				CLANG_WARN_ENUM_CONVERSION = YES;
				CLANG_WARN_INT_CONVERSION = YES;
				CLANG_WARN_OBJC_ROOT_CLASS = YES_ERROR;
				CLANG_WARN_UNREACHABLE_CODE = YES;
				CLANG_WARN__DUPLICATE_METHOD_MATCH = YES;
				"CODE_SIGN_IDENTITY[sdk=iphoneos*]" = "iPhone Developer";
				COPY_PHASE_STRIP = YES;
				ENABLE_NS_ASSERTIONS = NO;
				ENABLE_STRICT_OBJC_MSGSEND = YES;
				GCC_C_LANGUAGE_STANDARD = gnu99;
				GCC_WARN_64_TO_32_BIT_CONVERSION = YES;
				GCC_WARN_ABOUT_RETURN_TYPE = YES_ERROR;
				GCC_WARN_UNDECLARED_SELECTOR = YES;
				GCC_WARN_UNINITIALIZED_AUTOS = YES_AGGRESSIVE;
				GCC_WARN_UNUSED_FUNCTION = YES;
				GCC_WARN_UNUSED_VARIABLE = YES;
				IPHONEOS_DEPLOYMENT_TARGET = 8.1;
				MTL_ENABLE_DEBUG_INFO = NO;
				SDKROOT = iphoneos;
				TARGETED_DEVICE_FAMILY = "1,2";
				VALIDATE_PRODUCT = YES;
			};
			name = Release;
		};
		71A3C2461A5AB2DD00788B33 /* Debug */ = {
			isa = XCBuildConfiguration;
			buildSettings = {
				ASSETCATALOG_COMPILER_APPICON_NAME = AppIcon;
				INFOPLIST_FILE = TestGit/Info.plist;
				LD_RUNPATH_SEARCH_PATHS = "$(inherited) @executable_path/Frameworks";
				PRODUCT_NAME = "$(TARGET_NAME)";
			};
			name = Debug;
		};
		71A3C2471A5AB2DD00788B33 /* Release */ = {
			isa = XCBuildConfiguration;
			buildSettings = {
				ASSETCATALOG_COMPILER_APPICON_NAME = AppIcon;
				INFOPLIST_FILE = TestGit/Info.plist;
				LD_RUNPATH_SEARCH_PATHS = "$(inherited) @executable_path/Frameworks";
				PRODUCT_NAME = "$(TARGET_NAME)";
			};
			name = Release;
		};
		71A3C2491A5AB2DD00788B33 /* Debug */ = {
			isa = XCBuildConfiguration;
			buildSettings = {
				BUNDLE_LOADER = "$(TEST_HOST)";
				FRAMEWORK_SEARCH_PATHS = (
					"$(SDKROOT)/Developer/Library/Frameworks",
					"$(inherited)",
				);
				GCC_PREPROCESSOR_DEFINITIONS = (
					"DEBUG=1",
					"$(inherited)",
				);
				INFOPLIST_FILE = TestGitTests/Info.plist;
				LD_RUNPATH_SEARCH_PATHS = "$(inherited) @executable_path/Frameworks @loader_path/Frameworks";
				PRODUCT_NAME = "$(TARGET_NAME)";
				TEST_HOST = "$(BUILT_PRODUCTS_DIR)/TestGit.app/TestGit";
			};
			name = Debug;
		};
		71A3C24A1A5AB2DD00788B33 /* Release */ = {
			isa = XCBuildConfiguration;
			buildSettings = {
				BUNDLE_LOADER = "$(TEST_HOST)";
				FRAMEWORK_SEARCH_PATHS = (
					"$(SDKROOT)/Developer/Library/Frameworks",
					"$(inherited)",
				);
				INFOPLIST_FILE = TestGitTests/Info.plist;
				LD_RUNPATH_SEARCH_PATHS = "$(inherited) @executable_path/Frameworks @loader_path/Frameworks";
				PRODUCT_NAME = "$(TARGET_NAME)";
				TEST_HOST = "$(BUILT_PRODUCTS_DIR)/TestGit.app/TestGit";
			};
			name = Release;
		};
/* End XCBuildConfiguration section */

/* Begin XCConfigurationList section */
		71A3C2211A5AB2DD00788B33 /* Build configuration list for PBXProject "TestGit" */ = {
			isa = XCConfigurationList;
			buildConfigurations = (
				71A3C2431A5AB2DD00788B33 /* Debug */,
				71A3C2441A5AB2DD00788B33 /* Release */,
			);
			defaultConfigurationIsVisible = 0;
			defaultConfigurationName = Release;
		};
		71A3C2451A5AB2DD00788B33 /* Build configuration list for PBXNativeTarget "TestGit" */ = {
			isa = XCConfigurationList;
			buildConfigurations = (
				71A3C2461A5AB2DD00788B33 /* Debug */,
				71A3C2471A5AB2DD00788B33 /* Release */,
			);
			defaultConfigurationIsVisible = 0;
		};
		71A3C2481A5AB2DD00788B33 /* Build configuration list for PBXNativeTarget "TestGitTests" */ = {
			isa = XCConfigurationList;
			buildConfigurations = (
				71A3C2491A5AB2DD00788B33 /* Debug */,
				71A3C24A1A5AB2DD00788B33 /* Release */,
			);
			defaultConfigurationIsVisible = 0;
		};
/* End XCConfigurationList section */
	};
	rootObject = 71A3C21E1A5AB2DD00788B33 /* Project object */;
}
